{
  "nodes": {
    "home-manager": {
      "inputs": {
        "nixpkgs": [
          "nixpkgs"
        ]
      },
      "locked": {
        "lastModified": 1777498633,
        "narHash": "sha256-+3xXjfFz7y1gNG/9tQgjdxFKsQZYcDUxz1RbzmdgXj8=",
        "owner": "nix-community",
        "repo": "home-manager",
        "rev": "503480e51357c7beca8c19bde560af1491a372d0",
        "type": "github"
      },
      "original": {
        "owner": "nix-community",
        "repo": "home-manager",
        "type": "github"
      }
    },
    "nixpkgs": {
      "locked": {
        "lastModified": 1777270315,
        "narHash": "sha256-yKB4G6cKsQsWN7M6rZGk6gkJPDNPIzT05y4qzRyCDlI=",
        "owner": "NixOS",
        "repo": "nixpkgs",
        "rev": "6368eda62c9775c38ef7f714b2555a741c20c72d",
        "type": "github"
      },
      "original": {
        "owner": "NixOS",
        "ref": "nixpkgs-unstable",
        "repo": "nixpkgs",
        "type": "github"
      }
    },
    "root": {
      "inputs": {
        "home-manager": "home-manager",
        "nixpkgs": "nixpkgs"
      }
    }
  },
  "root": "root",
  "version": 7
}
